// !$*UTF8*$!
{
	archiveVersion = 1;
	classes = {
	};
	objectVersion = 55;
	objects = {

/* Begin PBXBuildFile section */
		786FA81693DFDB12B129D124 /* libPods-MeetUp MessagesExtension.a in Frameworks */ = {isa = PBXBuildFile; fileRef = 14EC7703F3F50A9EAC6D1947 /* libPods-MeetUp MessagesExtension.a */; };
		9100ED7D28DAF97200DA4F43 /* CreateMeetingCalendar.swift in Sources */ = {isa = PBXBuildFile; fileRef = 9100ED7C28DAF97200DA4F43 /* CreateMeetingCalendar.swift */; };
		9100ED7F28DB0E1700DA4F43 /* CreateMeetingCalendar.storyboard in Resources */ = {isa = PBXBuildFile; fileRef = 9100ED7E28DB0E1700DA4F43 /* CreateMeetingCalendar.storyboard */; };
		9100ED8528E01C9D00DA4F43 /* HourMinuteTime.swift in Sources */ = {isa = PBXBuildFile; fileRef = 9100ED8428E01C9D00DA4F43 /* HourMinuteTime.swift */; };
		9103CF2828C8E7CD00BBC349 /* WeeklyAvailabilityInputViewController.swift in Sources */ = {isa = PBXBuildFile; fileRef = 9103CF2728C8E7CD00BBC349 /* WeeklyAvailabilityInputViewController.swift */; };
		9103CF2A28C8EA7800BBC349 /* FullAvailabilityInput.xib in Resources */ = {isa = PBXBuildFile; fileRef = 9103CF2928C8EA7800BBC349 /* FullAvailabilityInput.xib */; };
		9103CF2C28C8EB5200BBC349 /* FullAvailabilityInput.swift in Sources */ = {isa = PBXBuildFile; fileRef = 9103CF2B28C8EB5200BBC349 /* FullAvailabilityInput.swift */; };
		9103CF2E28C9197600BBC349 /* DayHeaderView.xib in Resources */ = {isa = PBXBuildFile; fileRef = 9103CF2D28C9197600BBC349 /* DayHeaderView.xib */; };
		9103CF3028C919BD00BBC349 /* DayHeaderView.swift in Sources */ = {isa = PBXBuildFile; fileRef = 9103CF2F28C919BD00BBC349 /* DayHeaderView.swift */; };
		9103CF3228C9699D00BBC349 /* ProfileAvailabilityPreview.xib in Resources */ = {isa = PBXBuildFile; fileRef = 9103CF3128C9699D00BBC349 /* ProfileAvailabilityPreview.xib */; };
		9103CF3428C989C300BBC349 /* AutofillButton.xib in Resources */ = {isa = PBXBuildFile; fileRef = 9103CF3328C989C300BBC349 /* AutofillButton.xib */; };
		9103CF3628C989EA00BBC349 /* AutofillButton.swift in Sources */ = {isa = PBXBuildFile; fileRef = 9103CF3528C989EA00BBC349 /* AutofillButton.swift */; };
		9103CF3828D2F28800BBC349 /* ScheduleDate.swift in Sources */ = {isa = PBXBuildFile; fileRef = 9103CF3728D2F28700BBC349 /* ScheduleDate.swift */; };
		9103E5732896479100CA661B /* libFirebaseDatabase.a in Frameworks */ = {isa = PBXBuildFile; fileRef = 9103E5722896479100CA661B /* libFirebaseDatabase.a */; };
		9103E575289647B700CA661B /* libFirebaseCore.a in Frameworks */ = {isa = PBXBuildFile; fileRef = 9103E574289647B700CA661B /* libFirebaseCore.a */; };
		9103E5782896DA0400CA661B /* AvailabilityBar.swift in Sources */ = {isa = PBXBuildFile; fileRef = 9103E5772896DA0400CA661B /* AvailabilityBar.swift */; };
		9103E57A2897550500CA661B /* TimeBlock.swift in Sources */ = {isa = PBXBuildFile; fileRef = 9103E5792897550500CA661B /* TimeBlock.swift */; };
		9103E57C289B897600CA661B /* Day.swift in Sources */ = {isa = PBXBuildFile; fileRef = 9103E57B289B897600CA661B /* Day.swift */; };
		9103E57E289B89B700CA661B /* TimeRange.swift in Sources */ = {isa = PBXBuildFile; fileRef = 9103E57D289B89B700CA661B /* TimeRange.swift */; };
		9103E587289F4F5900CA661B /* YourAvailabilityViewController.swift in Sources */ = {isa = PBXBuildFile; fileRef = 9103E586289F4F5900CA661B /* YourAvailabilityViewController.swift */; };
		9103E58A289F50BC00CA661B /* NewMeetingViewController.swift in Sources */ = {isa = PBXBuildFile; fileRef = 9103E589289F50BC00CA661B /* NewMeetingViewController.swift */; };
		9103E58E289F99F100CA661B /* ViewControllerWithIdentifier.swift in Sources */ = {isa = PBXBuildFile; fileRef = 9103E58D289F99F100CA661B /* ViewControllerWithIdentifier.swift */; };
		9103E59028A028C600CA661B /* DateCell.swift in Sources */ = {isa = PBXBuildFile; fileRef = 9103E58F28A028C600CA661B /* DateCell.swift */; };
		9103E59328A72C5A00CA661B /* AppColors.swift in Sources */ = {isa = PBXBuildFile; fileRef = 9103E59228A72C5A00CA661B /* AppColors.swift */; };
		9103E59728A84A9900CA661B /* ThemedButton.swift in Sources */ = {isa = PBXBuildFile; fileRef = 9103E59628A84A9900CA661B /* ThemedButton.swift */; };
		9125EEA128A89E8E005C5ED3 /* AdaptsToKeyboard.swift in Sources */ = {isa = PBXBuildFile; fileRef = 9125EEA028A89E8E005C5ED3 /* AdaptsToKeyboard.swift */; };
		913C118B28A9787E00B5A66F /* ScaledIcon.swift in Sources */ = {isa = PBXBuildFile; fileRef = 913C118A28A9787E00B5A66F /* ScaledIcon.swift */; };
		913C118D28A9830600B5A66F /* BackButton.swift in Sources */ = {isa = PBXBuildFile; fileRef = 913C118C28A9830600B5A66F /* BackButton.swift */; };
		913C118F28AA024A00B5A66F /* ProfileButton.swift in Sources */ = {isa = PBXBuildFile; fileRef = 913C118E28AA024A00B5A66F /* ProfileButton.swift */; };
		913C119128AB366C00B5A66F /* CalendarDate.swift in Sources */ = {isa = PBXBuildFile; fileRef = 913C119028AB366C00B5A66F /* CalendarDate.swift */; };
		913C119328B07EDD00B5A66F /* StoredValues.swift in Sources */ = {isa = PBXBuildFile; fileRef = 913C119228B07EDD00B5A66F /* StoredValues.swift */; };
		913C119528B0AAFA00B5A66F /* AppViewController.swift in Sources */ = {isa = PBXBuildFile; fileRef = 913C119428B0AAFA00B5A66F /* AppViewController.swift */; };
		913C119728B1DE8100B5A66F /* DateHeaderView.xib in Resources */ = {isa = PBXBuildFile; fileRef = 913C119628B1DE8100B5A66F /* DateHeaderView.xib */; };
		913C119928B1DFD100B5A66F /* DateHeaderView.swift in Sources */ = {isa = PBXBuildFile; fileRef = 913C119828B1DFD100B5A66F /* DateHeaderView.swift */; };
		913C119B28B208C700B5A66F /* AvailabilityBar.xib in Resources */ = {isa = PBXBuildFile; fileRef = 913C119A28B208C600B5A66F /* AvailabilityBar.xib */; };
		913EF7982868E83700D5DB08 /* QueryItemRepresentable.swift in Sources */ = {isa = PBXBuildFile; fileRef = 913EF7972868E83700D5DB08 /* QueryItemRepresentable.swift */; };
		913EF79A28693DBB00D5DB08 /* Schedule.swift in Sources */ = {isa = PBXBuildFile; fileRef = 913EF79928693DBB00D5DB08 /* Schedule.swift */; };
		9142F970285FA20E0070661F /* Assets.xcassets in Resources */ = {isa = PBXBuildFile; fileRef = 9142F96F285FA20E0070661F /* Assets.xcassets */; };
		9142F976285FA20E0070661F /* MeetUp MessagesExtension.appex in Embed App Extensions */ = {isa = PBXBuildFile; fileRef = 9142F975285FA20E0070661F /* MeetUp MessagesExtension.appex */; settings = {ATTRIBUTES = (RemoveHeadersOnCopy, ); }; };
		9142F97B285FA20E0070661F /* Messages.framework in Frameworks */ = {isa = PBXBuildFile; fileRef = 9142F97A285FA20E0070661F /* Messages.framework */; };
		9142F97E285FA20E0070661F /* MessagesViewController.swift in Sources */ = {isa = PBXBuildFile; fileRef = 9142F97D285FA20E0070661F /* MessagesViewController.swift */; };
		9142F981285FA20E0070661F /* MainInterface.storyboard in Resources */ = {isa = PBXBuildFile; fileRef = 9142F97F285FA20E0070661F /* MainInterface.storyboard */; };
		9142F983285FA20F0070661F /* Assets.xcassets in Resources */ = {isa = PBXBuildFile; fileRef = 9142F982285FA20F0070661F /* Assets.xcassets */; };
		9142F994285FFDD20070661F /* ScheduleSendable.swift in Sources */ = {isa = PBXBuildFile; fileRef = 9142F993285FFDD20070661F /* ScheduleSendable.swift */; };
		9142F996286002580070661F /* CollectiveSchedule.swift in Sources */ = {isa = PBXBuildFile; fileRef = 9142F995286002580070661F /* CollectiveSchedule.swift */; };
		9142F998286022460070661F /* SchedulePreviewViewController.swift in Sources */ = {isa = PBXBuildFile; fileRef = 9142F997286022460070661F /* SchedulePreviewViewController.swift */; };
		916D270C288319E4003C96BD /* CreateProfileViewController.swift in Sources */ = {isa = PBXBuildFile; fileRef = 916D270B288319E4003C96BD /* CreateProfileViewController.swift */; };
		916D270E28836F3A003C96BD /* User.swift in Sources */ = {isa = PBXBuildFile; fileRef = 916D270D28836F3A003C96BD /* User.swift */; };
		916D2711288CA97C003C96BD /* GetAvailabilityLogic.swift in Sources */ = {isa = PBXBuildFile; fileRef = 916D2710288CA97B003C96BD /* GetAvailabilityLogic.swift */; };
		918C88CF28D3C8C40052850E /* CreateMeetingPreviewViewController.swift in Sources */ = {isa = PBXBuildFile; fileRef = 918C88CE28D3C8C40052850E /* CreateMeetingPreviewViewController.swift */; };
		91A76E5028B3183100F93DE2 /* TimeIndicatorView.xib in Resources */ = {isa = PBXBuildFile; fileRef = 91A76E4F28B3183100F93DE2 /* TimeIndicatorView.xib */; };
		91A76E5228B31B1C00F93DE2 /* TimeIndicatorView.swift in Sources */ = {isa = PBXBuildFile; fileRef = 91A76E5128B31B1C00F93DE2 /* TimeIndicatorView.swift */; };
		91A76E5628B35BEB00F93DE2 /* FilterAvailabilitiesSwitch.swift in Sources */ = {isa = PBXBuildFile; fileRef = 91A76E5528B35BEB00F93DE2 /* FilterAvailabilitiesSwitch.swift */; };
		91A76E5828BC8C1900F93DE2 /* AvailabilityDetail.xib in Resources */ = {isa = PBXBuildFile; fileRef = 91A76E5728BC8C1800F93DE2 /* AvailabilityDetail.xib */; };
		91A76E5A28BC972400F93DE2 /* AvailabilityDetail.swift in Sources */ = {isa = PBXBuildFile; fileRef = 91A76E5928BC972400F93DE2 /* AvailabilityDetail.swift */; };
		91A76E5E28C1C96C00F93DE2 /* ProfileAvailabilityPreview.swift in Sources */ = {isa = PBXBuildFile; fileRef = 91A76E5D28C1C96C00F93DE2 /* ProfileAvailabilityPreview.swift */; };
		91B2D42428957CA200D0AAD4 /* GoogleService-Info.plist in Resources */ = {isa = PBXBuildFile; fileRef = 91B2D42328957CA200D0AAD4 /* GoogleService-Info.plist */; };
		AA37ABBC7DB2CC2583CC4D26 /* libPods-MeetUp.a in Frameworks */ = {isa = PBXBuildFile; fileRef = F32C2BB35CC49C0C1097DDD6 /* libPods-MeetUp.a */; };
/* End PBXBuildFile section */

/* Begin PBXContainerItemProxy section */
		9142F977285FA20E0070661F /* PBXContainerItemProxy */ = {
			isa = PBXContainerItemProxy;
			containerPortal = 9142F966285FA20A0070661F /* Project object */;
			proxyType = 1;
			remoteGlobalIDString = 9142F974285FA20E0070661F;
			remoteInfo = "MeetUp MessagesExtension";
		};
/* End PBXContainerItemProxy section */

/* Begin PBXCopyFilesBuildPhase section */
		9142F98A285FA20F0070661F /* Embed App Extensions */ = {
			isa = PBXCopyFilesBuildPhase;
			buildActionMask = 2147483647;
			dstPath = "";
			dstSubfolderSpec = 13;
			files = (
				9142F976285FA20E0070661F /* MeetUp MessagesExtension.appex in Embed App Extensions */,
			);
			name = "Embed App Extensions";
			runOnlyForDeploymentPostprocessing = 0;
		};
/* End PBXCopyFilesBuildPhase section */

/* Begin PBXFileReference section */
		14EC7703F3F50A9EAC6D1947 /* libPods-MeetUp MessagesExtension.a */ = {isa = PBXFileReference; explicitFileType = archive.ar; includeInIndex = 0; path = "libPods-MeetUp MessagesExtension.a"; sourceTree = BUILT_PRODUCTS_DIR; };
		5F58E1F15807BCDD82783B75 /* Pods-MeetUp MessagesExtension.release.xcconfig */ = {isa = PBXFileReference; includeInIndex = 1; lastKnownFileType = text.xcconfig; name = "Pods-MeetUp MessagesExtension.release.xcconfig"; path = "Target Support Files/Pods-MeetUp MessagesExtension/Pods-MeetUp MessagesExtension.release.xcconfig"; sourceTree = "<group>"; };
		9100ED7C28DAF97200DA4F43 /* CreateMeetingCalendar.swift */ = {isa = PBXFileReference; lastKnownFileType = sourcecode.swift; path = CreateMeetingCalendar.swift; sourceTree = "<group>"; };
		9100ED7E28DB0E1700DA4F43 /* CreateMeetingCalendar.storyboard */ = {isa = PBXFileReference; lastKnownFileType = file.storyboard; path = CreateMeetingCalendar.storyboard; sourceTree = "<group>"; };
		9100ED8428E01C9D00DA4F43 /* HourMinuteTime.swift */ = {isa = PBXFileReference; lastKnownFileType = sourcecode.swift; path = HourMinuteTime.swift; sourceTree = "<group>"; };
		9103CF2728C8E7CD00BBC349 /* WeeklyAvailabilityInputViewController.swift */ = {isa = PBXFileReference; lastKnownFileType = sourcecode.swift; path = WeeklyAvailabilityInputViewController.swift; sourceTree = "<group>"; };
		9103CF2928C8EA7800BBC349 /* FullAvailabilityInput.xib */ = {isa = PBXFileReference; lastKnownFileType = file.xib; path = FullAvailabilityInput.xib; sourceTree = "<group>"; };
		9103CF2B28C8EB5200BBC349 /* FullAvailabilityInput.swift */ = {isa = PBXFileReference; lastKnownFileType = sourcecode.swift; path = FullAvailabilityInput.swift; sourceTree = "<group>"; };
		9103CF2D28C9197600BBC349 /* DayHeaderView.xib */ = {isa = PBXFileReference; lastKnownFileType = file.xib; path = DayHeaderView.xib; sourceTree = "<group>"; };
		9103CF2F28C919BD00BBC349 /* DayHeaderView.swift */ = {isa = PBXFileReference; lastKnownFileType = sourcecode.swift; path = DayHeaderView.swift; sourceTree = "<group>"; };
		9103CF3128C9699D00BBC349 /* ProfileAvailabilityPreview.xib */ = {isa = PBXFileReference; lastKnownFileType = file.xib; path = ProfileAvailabilityPreview.xib; sourceTree = "<group>"; };
		9103CF3328C989C300BBC349 /* AutofillButton.xib */ = {isa = PBXFileReference; lastKnownFileType = file.xib; path = AutofillButton.xib; sourceTree = "<group>"; };
		9103CF3528C989EA00BBC349 /* AutofillButton.swift */ = {isa = PBXFileReference; lastKnownFileType = sourcecode.swift; path = AutofillButton.swift; sourceTree = "<group>"; };
		9103CF3728D2F28700BBC349 /* ScheduleDate.swift */ = {isa = PBXFileReference; lastKnownFileType = sourcecode.swift; path = ScheduleDate.swift; sourceTree = "<group>"; };
		9103E5722896479100CA661B /* libFirebaseDatabase.a */ = {isa = PBXFileReference; explicitFileType = archive.ar; path = libFirebaseDatabase.a; sourceTree = BUILT_PRODUCTS_DIR; };
		9103E574289647B700CA661B /* libFirebaseCore.a */ = {isa = PBXFileReference; explicitFileType = archive.ar; path = libFirebaseCore.a; sourceTree = BUILT_PRODUCTS_DIR; };
		9103E5772896DA0400CA661B /* AvailabilityBar.swift */ = {isa = PBXFileReference; lastKnownFileType = sourcecode.swift; path = AvailabilityBar.swift; sourceTree = "<group>"; };
		9103E5792897550500CA661B /* TimeBlock.swift */ = {isa = PBXFileReference; lastKnownFileType = sourcecode.swift; path = TimeBlock.swift; sourceTree = "<group>"; };
		9103E57B289B897600CA661B /* Day.swift */ = {isa = PBXFileReference; lastKnownFileType = sourcecode.swift; path = Day.swift; sourceTree = "<group>"; };
		9103E57D289B89B700CA661B /* TimeRange.swift */ = {isa = PBXFileReference; lastKnownFileType = sourcecode.swift; path = TimeRange.swift; sourceTree = "<group>"; };
		9103E586289F4F5900CA661B /* YourAvailabilityViewController.swift */ = {isa = PBXFileReference; lastKnownFileType = sourcecode.swift; path = YourAvailabilityViewController.swift; sourceTree = "<group>"; };
		9103E589289F50BC00CA661B /* NewMeetingViewController.swift */ = {isa = PBXFileReference; lastKnownFileType = sourcecode.swift; path = NewMeetingViewController.swift; sourceTree = "<group>"; };
		9103E58D289F99F100CA661B /* ViewControllerWithIdentifier.swift */ = {isa = PBXFileReference; lastKnownFileType = sourcecode.swift; path = ViewControllerWithIdentifier.swift; sourceTree = "<group>"; };
		9103E58F28A028C600CA661B /* DateCell.swift */ = {isa = PBXFileReference; lastKnownFileType = sourcecode.swift; path = DateCell.swift; sourceTree = "<group>"; };
		9103E59228A72C5A00CA661B /* AppColors.swift */ = {isa = PBXFileReference; lastKnownFileType = sourcecode.swift; path = AppColors.swift; sourceTree = "<group>"; };
		9103E59628A84A9900CA661B /* ThemedButton.swift */ = {isa = PBXFileReference; lastKnownFileType = sourcecode.swift; path = ThemedButton.swift; sourceTree = "<group>"; };
		9125EEA028A89E8E005C5ED3 /* AdaptsToKeyboard.swift */ = {isa = PBXFileReference; lastKnownFileType = sourcecode.swift; path = AdaptsToKeyboard.swift; sourceTree = "<group>"; };
		913C118A28A9787E00B5A66F /* ScaledIcon.swift */ = {isa = PBXFileReference; lastKnownFileType = sourcecode.swift; path = ScaledIcon.swift; sourceTree = "<group>"; };
		913C118C28A9830600B5A66F /* BackButton.swift */ = {isa = PBXFileReference; lastKnownFileType = sourcecode.swift; path = BackButton.swift; sourceTree = "<group>"; };
		913C118E28AA024A00B5A66F /* ProfileButton.swift */ = {isa = PBXFileReference; lastKnownFileType = sourcecode.swift; path = ProfileButton.swift; sourceTree = "<group>"; };
		913C119028AB366C00B5A66F /* CalendarDate.swift */ = {isa = PBXFileReference; lastKnownFileType = sourcecode.swift; path = CalendarDate.swift; sourceTree = "<group>"; };
		913C119228B07EDD00B5A66F /* StoredValues.swift */ = {isa = PBXFileReference; lastKnownFileType = sourcecode.swift; path = StoredValues.swift; sourceTree = "<group>"; };
		913C119428B0AAFA00B5A66F /* AppViewController.swift */ = {isa = PBXFileReference; lastKnownFileType = sourcecode.swift; path = AppViewController.swift; sourceTree = "<group>"; };
		913C119628B1DE8100B5A66F /* DateHeaderView.xib */ = {isa = PBXFileReference; lastKnownFileType = file.xib; path = DateHeaderView.xib; sourceTree = "<group>"; };
		913C119828B1DFD100B5A66F /* DateHeaderView.swift */ = {isa = PBXFileReference; lastKnownFileType = sourcecode.swift; path = DateHeaderView.swift; sourceTree = "<group>"; };
		913C119A28B208C600B5A66F /* AvailabilityBar.xib */ = {isa = PBXFileReference; lastKnownFileType = file.xib; path = AvailabilityBar.xib; sourceTree = "<group>"; };
		913EF7972868E83700D5DB08 /* QueryItemRepresentable.swift */ = {isa = PBXFileReference; lastKnownFileType = sourcecode.swift; path = QueryItemRepresentable.swift; sourceTree = "<group>"; };
		913EF79928693DBB00D5DB08 /* Schedule.swift */ = {isa = PBXFileReference; lastKnownFileType = sourcecode.swift; path = Schedule.swift; sourceTree = "<group>"; };
		9142F96C285FA20A0070661F /* MeetUp.app */ = {isa = PBXFileReference; explicitFileType = wrapper.application; includeInIndex = 0; path = MeetUp.app; sourceTree = BUILT_PRODUCTS_DIR; };
		9142F96F285FA20E0070661F /* Assets.xcassets */ = {isa = PBXFileReference; lastKnownFileType = folder.assetcatalog; path = Assets.xcassets; sourceTree = "<group>"; };
		9142F975285FA20E0070661F /* MeetUp MessagesExtension.appex */ = {isa = PBXFileReference; explicitFileType = "wrapper.app-extension"; includeInIndex = 0; path = "MeetUp MessagesExtension.appex"; sourceTree = BUILT_PRODUCTS_DIR; };
		9142F97A285FA20E0070661F /* Messages.framework */ = {isa = PBXFileReference; lastKnownFileType = wrapper.framework; name = Messages.framework; path = System/Library/Frameworks/Messages.framework; sourceTree = SDKROOT; };
		9142F97D285FA20E0070661F /* MessagesViewController.swift */ = {isa = PBXFileReference; lastKnownFileType = sourcecode.swift; path = MessagesViewController.swift; sourceTree = "<group>"; };
		9142F980285FA20E0070661F /* Base */ = {isa = PBXFileReference; lastKnownFileType = file.storyboard; name = Base; path = Base.lproj/MainInterface.storyboard; sourceTree = "<group>"; };
		9142F982285FA20F0070661F /* Assets.xcassets */ = {isa = PBXFileReference; lastKnownFileType = folder.assetcatalog; path = Assets.xcassets; sourceTree = "<group>"; };
		9142F984285FA20F0070661F /* Info.plist */ = {isa = PBXFileReference; lastKnownFileType = text.plist.xml; path = Info.plist; sourceTree = "<group>"; };
		9142F993285FFDD20070661F /* ScheduleSendable.swift */ = {isa = PBXFileReference; lastKnownFileType = sourcecode.swift; path = ScheduleSendable.swift; sourceTree = "<group>"; };
		9142F995286002580070661F /* CollectiveSchedule.swift */ = {isa = PBXFileReference; lastKnownFileType = sourcecode.swift; path = CollectiveSchedule.swift; sourceTree = "<group>"; };
		9142F997286022460070661F /* SchedulePreviewViewController.swift */ = {isa = PBXFileReference; lastKnownFileType = sourcecode.swift; path = SchedulePreviewViewController.swift; sourceTree = "<group>"; };
		916D270B288319E4003C96BD /* CreateProfileViewController.swift */ = {isa = PBXFileReference; lastKnownFileType = sourcecode.swift; path = CreateProfileViewController.swift; sourceTree = "<group>"; };
		916D270D28836F3A003C96BD /* User.swift */ = {isa = PBXFileReference; lastKnownFileType = sourcecode.swift; path = User.swift; sourceTree = "<group>"; };
		916D2710288CA97B003C96BD /* GetAvailabilityLogic.swift */ = {isa = PBXFileReference; lastKnownFileType = sourcecode.swift; path = GetAvailabilityLogic.swift; sourceTree = "<group>"; };
		918C88CE28D3C8C40052850E /* CreateMeetingPreviewViewController.swift */ = {isa = PBXFileReference; lastKnownFileType = sourcecode.swift; path = CreateMeetingPreviewViewController.swift; sourceTree = "<group>"; };
		91A76E4F28B3183100F93DE2 /* TimeIndicatorView.xib */ = {isa = PBXFileReference; lastKnownFileType = file.xib; path = TimeIndicatorView.xib; sourceTree = "<group>"; };
		91A76E5128B31B1C00F93DE2 /* TimeIndicatorView.swift */ = {isa = PBXFileReference; lastKnownFileType = sourcecode.swift; path = TimeIndicatorView.swift; sourceTree = "<group>"; };
		91A76E5528B35BEB00F93DE2 /* FilterAvailabilitiesSwitch.swift */ = {isa = PBXFileReference; lastKnownFileType = sourcecode.swift; path = FilterAvailabilitiesSwitch.swift; sourceTree = "<group>"; };
		91A76E5728BC8C1800F93DE2 /* AvailabilityDetail.xib */ = {isa = PBXFileReference; lastKnownFileType = file.xib; path = AvailabilityDetail.xib; sourceTree = "<group>"; };
		91A76E5928BC972400F93DE2 /* AvailabilityDetail.swift */ = {isa = PBXFileReference; lastKnownFileType = sourcecode.swift; path = AvailabilityDetail.swift; sourceTree = "<group>"; };
		91A76E5D28C1C96C00F93DE2 /* ProfileAvailabilityPreview.swift */ = {isa = PBXFileReference; lastKnownFileType = sourcecode.swift; path = ProfileAvailabilityPreview.swift; sourceTree = "<group>"; };
		91B2D42328957CA200D0AAD4 /* GoogleService-Info.plist */ = {isa = PBXFileReference; fileEncoding = 4; lastKnownFileType = text.plist.xml; path = "GoogleService-Info.plist"; sourceTree = "<group>"; };
		91F40B6D286164C900B6912D /* MeetUp MessagesExtension.entitlements */ = {isa = PBXFileReference; lastKnownFileType = text.plist.entitlements; path = "MeetUp MessagesExtension.entitlements"; sourceTree = "<group>"; };
		B9DE7B812DA84A9AE432A6BD /* Pods-MeetUp MessagesExtension.debug.xcconfig */ = {isa = PBXFileReference; includeInIndex = 1; lastKnownFileType = text.xcconfig; name = "Pods-MeetUp MessagesExtension.debug.xcconfig"; path = "Target Support Files/Pods-MeetUp MessagesExtension/Pods-MeetUp MessagesExtension.debug.xcconfig"; sourceTree = "<group>"; };
		CF78CF69EC5F985F2B84AE03 /* Pods-MeetUp.debug.xcconfig */ = {isa = PBXFileReference; includeInIndex = 1; lastKnownFileType = text.xcconfig; name = "Pods-MeetUp.debug.xcconfig"; path = "Target Support Files/Pods-MeetUp/Pods-MeetUp.debug.xcconfig"; sourceTree = "<group>"; };
		E0EDCCBABD6CE4CFF67E62FE /* Pods-MeetUp.release.xcconfig */ = {isa = PBXFileReference; includeInIndex = 1; lastKnownFileType = text.xcconfig; name = "Pods-MeetUp.release.xcconfig"; path = "Target Support Files/Pods-MeetUp/Pods-MeetUp.release.xcconfig"; sourceTree = "<group>"; };
		F32C2BB35CC49C0C1097DDD6 /* libPods-MeetUp.a */ = {isa = PBXFileReference; explicitFileType = archive.ar; includeInIndex = 0; path = "libPods-MeetUp.a"; sourceTree = BUILT_PRODUCTS_DIR; };
/* End PBXFileReference section */

/* Begin PBXFrameworksBuildPhase section */
		9142F972285FA20E0070661F /* Frameworks */ = {
			isa = PBXFrameworksBuildPhase;
			buildActionMask = 2147483647;
			files = (
				9103E5732896479100CA661B /* libFirebaseDatabase.a in Frameworks */,
				9103E575289647B700CA661B /* libFirebaseCore.a in Frameworks */,
				9142F97B285FA20E0070661F /* Messages.framework in Frameworks */,
				786FA81693DFDB12B129D124 /* libPods-MeetUp MessagesExtension.a in Frameworks */,
			);
			runOnlyForDeploymentPostprocessing = 0;
		};
		D2403BDC881F331FE918FE77 /* Frameworks */ = {
			isa = PBXFrameworksBuildPhase;
			buildActionMask = 2147483647;
			files = (
				AA37ABBC7DB2CC2583CC4D26 /* libPods-MeetUp.a in Frameworks */,
			);
			runOnlyForDeploymentPostprocessing = 0;
		};
/* End PBXFrameworksBuildPhase section */

/* Begin PBXGroup section */
		7E89828A4D7EC462BAF1387F /* Pods */ = {
			isa = PBXGroup;
			children = (
				CF78CF69EC5F985F2B84AE03 /* Pods-MeetUp.debug.xcconfig */,
				E0EDCCBABD6CE4CFF67E62FE /* Pods-MeetUp.release.xcconfig */,
				B9DE7B812DA84A9AE432A6BD /* Pods-MeetUp MessagesExtension.debug.xcconfig */,
				5F58E1F15807BCDD82783B75 /* Pods-MeetUp MessagesExtension.release.xcconfig */,
			);
			path = Pods;
			sourceTree = "<group>";
		};
		9103E5762896D9DE00CA661B /* Components */ = {
			isa = PBXGroup;
			children = (
				9103E5772896DA0400CA661B /* AvailabilityBar.swift */,
				9103E5792897550500CA661B /* TimeBlock.swift */,
				9103E58F28A028C600CA661B /* DateCell.swift */,
				9103E59628A84A9900CA661B /* ThemedButton.swift */,
				913C118A28A9787E00B5A66F /* ScaledIcon.swift */,
				913C118C28A9830600B5A66F /* BackButton.swift */,
				913C118E28AA024A00B5A66F /* ProfileButton.swift */,
				913C119828B1DFD100B5A66F /* DateHeaderView.swift */,
				9103CF2F28C919BD00BBC349 /* DayHeaderView.swift */,
				91A76E5128B31B1C00F93DE2 /* TimeIndicatorView.swift */,
				91A76E5528B35BEB00F93DE2 /* FilterAvailabilitiesSwitch.swift */,
				91A76E5928BC972400F93DE2 /* AvailabilityDetail.swift */,
				91A76E5D28C1C96C00F93DE2 /* ProfileAvailabilityPreview.swift */,
				9103CF2B28C8EB5200BBC349 /* FullAvailabilityInput.swift */,
				9103CF3528C989EA00BBC349 /* AutofillButton.swift */,
				9100ED7C28DAF97200DA4F43 /* CreateMeetingCalendar.swift */,
			);
			path = Components;
			sourceTree = "<group>";
		};
		9103E57F289F459700CA661B /* Views */ = {
			isa = PBXGroup;
			children = (
				9142F97F285FA20E0070661F /* MainInterface.storyboard */,
				913C119628B1DE8100B5A66F /* DateHeaderView.xib */,
				913C119A28B208C600B5A66F /* AvailabilityBar.xib */,
				91A76E4F28B3183100F93DE2 /* TimeIndicatorView.xib */,
				91A76E5728BC8C1800F93DE2 /* AvailabilityDetail.xib */,
				9103CF2928C8EA7800BBC349 /* FullAvailabilityInput.xib */,
				9103CF2D28C9197600BBC349 /* DayHeaderView.xib */,
				9103CF3128C9699D00BBC349 /* ProfileAvailabilityPreview.xib */,
				9103CF3328C989C300BBC349 /* AutofillButton.xib */,
				9100ED7E28DB0E1700DA4F43 /* CreateMeetingCalendar.storyboard */,
			);
			path = Views;
			sourceTree = "<group>";
		};
		9103E59128A72C2800CA661B /* Theme */ = {
			isa = PBXGroup;
			children = (
				9103E59228A72C5A00CA661B /* AppColors.swift */,
			);
			path = Theme;
			sourceTree = "<group>";
		};
		9142F965285FA20A0070661F = {
			isa = PBXGroup;
			children = (
				9142F96E285FA20A0070661F /* MeetUp */,
				9142F97C285FA20E0070661F /* MeetUp MessagesExtension */,
				9142F979285FA20E0070661F /* Frameworks */,
				9142F96D285FA20A0070661F /* Products */,
				7E89828A4D7EC462BAF1387F /* Pods */,
			);
			sourceTree = "<group>";
		};
		9142F96D285FA20A0070661F /* Products */ = {
			isa = PBXGroup;
			children = (
				9142F96C285FA20A0070661F /* MeetUp.app */,
				9142F975285FA20E0070661F /* MeetUp MessagesExtension.appex */,
			);
			name = Products;
			sourceTree = "<group>";
		};
		9142F96E285FA20A0070661F /* MeetUp */ = {
			isa = PBXGroup;
			children = (
				9142F96F285FA20E0070661F /* Assets.xcassets */,
			);
			path = MeetUp;
			sourceTree = "<group>";
		};
		9142F979285FA20E0070661F /* Frameworks */ = {
			isa = PBXGroup;
			children = (
				9103E574289647B700CA661B /* libFirebaseCore.a */,
				9103E5722896479100CA661B /* libFirebaseDatabase.a */,
				9142F97A285FA20E0070661F /* Messages.framework */,
				F32C2BB35CC49C0C1097DDD6 /* libPods-MeetUp.a */,
				14EC7703F3F50A9EAC6D1947 /* libPods-MeetUp MessagesExtension.a */,
			);
			name = Frameworks;
			sourceTree = "<group>";
		};
		9142F97C285FA20E0070661F /* MeetUp MessagesExtension */ = {
			isa = PBXGroup;
			children = (
				9103E5762896D9DE00CA661B /* Components */,
				916D270F288CA93D003C96BD /* Logic */,
				916D270A2883190E003C96BD /* Controllers */,
				91F40B6D286164C900B6912D /* MeetUp MessagesExtension.entitlements */,
				9142F992285FFDAE0070661F /* Models */,
				9103E59128A72C2800CA661B /* Theme */,
				9103E57F289F459700CA661B /* Views */,
				9142F982285FA20F0070661F /* Assets.xcassets */,
				9142F984285FA20F0070661F /* Info.plist */,
				91B2D42328957CA200D0AAD4 /* GoogleService-Info.plist */,
			);
			path = "MeetUp MessagesExtension";
			sourceTree = "<group>";
		};
		9142F992285FFDAE0070661F /* Models */ = {
			isa = PBXGroup;
			children = (
				9142F993285FFDD20070661F /* ScheduleSendable.swift */,
				9142F995286002580070661F /* CollectiveSchedule.swift */,
				913EF7972868E83700D5DB08 /* QueryItemRepresentable.swift */,
				913EF79928693DBB00D5DB08 /* Schedule.swift */,
				916D270D28836F3A003C96BD /* User.swift */,
				9103E57B289B897600CA661B /* Day.swift */,
				9103E57D289B89B700CA661B /* TimeRange.swift */,
				913C119028AB366C00B5A66F /* CalendarDate.swift */,
				9103CF3728D2F28700BBC349 /* ScheduleDate.swift */,
				9100ED8428E01C9D00DA4F43 /* HourMinuteTime.swift */,
			);
			path = Models;
			sourceTree = "<group>";
		};
		916D270A2883190E003C96BD /* Controllers */ = {
			isa = PBXGroup;
			children = (
				913C119428B0AAFA00B5A66F /* AppViewController.swift */,
				9125EEA028A89E8E005C5ED3 /* AdaptsToKeyboard.swift */,
				9103E58D289F99F100CA661B /* ViewControllerWithIdentifier.swift */,
				9103E586289F4F5900CA661B /* YourAvailabilityViewController.swift */,
				9103E589289F50BC00CA661B /* NewMeetingViewController.swift */,
				9142F97D285FA20E0070661F /* MessagesViewController.swift */,
				9142F997286022460070661F /* SchedulePreviewViewController.swift */,
				916D270B288319E4003C96BD /* CreateProfileViewController.swift */,
				9103CF2728C8E7CD00BBC349 /* WeeklyAvailabilityInputViewController.swift */,
				918C88CE28D3C8C40052850E /* CreateMeetingPreviewViewController.swift */,
			);
			path = Controllers;
			sourceTree = "<group>";
		};
		916D270F288CA93D003C96BD /* Logic */ = {
			isa = PBXGroup;
			children = (
				916D2710288CA97B003C96BD /* GetAvailabilityLogic.swift */,
				913C119228B07EDD00B5A66F /* StoredValues.swift */,
			);
			path = Logic;
			sourceTree = "<group>";
		};
/* End PBXGroup section */

/* Begin PBXNativeTarget section */
		9142F96B285FA20A0070661F /* MeetUp */ = {
			isa = PBXNativeTarget;
			buildConfigurationList = 9142F98B285FA20F0070661F /* Build configuration list for PBXNativeTarget "MeetUp" */;
			buildPhases = (
				CF4F18ADA46501E84FBDCFA1 /* [CP] Check Pods Manifest.lock */,
				9142F96A285FA20A0070661F /* Resources */,
				9142F98A285FA20F0070661F /* Embed App Extensions */,
				D2403BDC881F331FE918FE77 /* Frameworks */,
			);
			buildRules = (
			);
			dependencies = (
				9142F978285FA20E0070661F /* PBXTargetDependency */,
			);
			name = MeetUp;
			productName = MeetUp;
			productReference = 9142F96C285FA20A0070661F /* MeetUp.app */;
			productType = "com.apple.product-type.application.messages";
		};
		9142F974285FA20E0070661F /* MeetUp MessagesExtension */ = {
			isa = PBXNativeTarget;
			buildConfigurationList = 9142F987285FA20F0070661F /* Build configuration list for PBXNativeTarget "MeetUp MessagesExtension" */;
			buildPhases = (
				607784590A3F57CA541FC6A5 /* [CP] Check Pods Manifest.lock */,
				9142F971285FA20E0070661F /* Sources */,
				9142F972285FA20E0070661F /* Frameworks */,
				9142F973285FA20E0070661F /* Resources */,
			);
			buildRules = (
			);
			dependencies = (
			);
			name = "MeetUp MessagesExtension";
			productName = "MeetUp MessagesExtension";
			productReference = 9142F975285FA20E0070661F /* MeetUp MessagesExtension.appex */;
			productType = "com.apple.product-type.app-extension.messages";
		};
/* End PBXNativeTarget section */

/* Begin PBXProject section */
		9142F966285FA20A0070661F /* Project object */ = {
			isa = PBXProject;
			attributes = {
				BuildIndependentTargetsInParallel = 1;
				LastSwiftUpdateCheck = 1320;
				LastUpgradeCheck = 1320;
				TargetAttributes = {
					9142F96B285FA20A0070661F = {
						CreatedOnToolsVersion = 13.2.1;
					};
					9142F974285FA20E0070661F = {
						CreatedOnToolsVersion = 13.2.1;
					};
				};
			};
			buildConfigurationList = 9142F969285FA20A0070661F /* Build configuration list for PBXProject "MeetUp" */;
			compatibilityVersion = "Xcode 13.0";
			developmentRegion = en;
			hasScannedForEncodings = 0;
			knownRegions = (
				en,
				Base,
			);
			mainGroup = 9142F965285FA20A0070661F;
			productRefGroup = 9142F96D285FA20A0070661F /* Products */;
			projectDirPath = "";
			projectRoot = "";
			targets = (
				9142F96B285FA20A0070661F /* MeetUp */,
				9142F974285FA20E0070661F /* MeetUp MessagesExtension */,
			);
		};
/* End PBXProject section */

/* Begin PBXResourcesBuildPhase section */
		9142F96A285FA20A0070661F /* Resources */ = {
			isa = PBXResourcesBuildPhase;
			buildActionMask = 2147483647;
			files = (
				9142F970285FA20E0070661F /* Assets.xcassets in Resources */,
			);
			runOnlyForDeploymentPostprocessing = 0;
		};
		9142F973285FA20E0070661F /* Resources */ = {
			isa = PBXResourcesBuildPhase;
			buildActionMask = 2147483647;
			files = (
				9100ED7F28DB0E1700DA4F43 /* CreateMeetingCalendar.storyboard in Resources */,
				9103CF2E28C9197600BBC349 /* DayHeaderView.xib in Resources */,
				9103CF2A28C8EA7800BBC349 /* FullAvailabilityInput.xib in Resources */,
				9103CF3428C989C300BBC349 /* AutofillButton.xib in Resources */,
				9142F983285FA20F0070661F /* Assets.xcassets in Resources */,
				9103CF3228C9699D00BBC349 /* ProfileAvailabilityPreview.xib in Resources */,
				913C119728B1DE8100B5A66F /* DateHeaderView.xib in Resources */,
				9142F981285FA20E0070661F /* MainInterface.storyboard in Resources */,
				91A76E5828BC8C1900F93DE2 /* AvailabilityDetail.xib in Resources */,
				91A76E5028B3183100F93DE2 /* TimeIndicatorView.xib in Resources */,
				913C119B28B208C700B5A66F /* AvailabilityBar.xib in Resources */,
				91B2D42428957CA200D0AAD4 /* GoogleService-Info.plist in Resources */,
			);
			runOnlyForDeploymentPostprocessing = 0;
		};
/* End PBXResourcesBuildPhase section */

/* Begin PBXShellScriptBuildPhase section */
		607784590A3F57CA541FC6A5 /* [CP] Check Pods Manifest.lock */ = {
			isa = PBXShellScriptBuildPhase;
			buildActionMask = 2147483647;
			files = (
			);
			inputFileListPaths = (
			);
			inputPaths = (
				"${PODS_PODFILE_DIR_PATH}/Podfile.lock",
				"${PODS_ROOT}/Manifest.lock",
			);
			name = "[CP] Check Pods Manifest.lock";
			outputFileListPaths = (
			);
			outputPaths = (
				"$(DERIVED_FILE_DIR)/Pods-MeetUp MessagesExtension-checkManifestLockResult.txt",
			);
			runOnlyForDeploymentPostprocessing = 0;
			shellPath = /bin/sh;
			shellScript = "diff \"${PODS_PODFILE_DIR_PATH}/Podfile.lock\" \"${PODS_ROOT}/Manifest.lock\" > /dev/null\nif [ $? != 0 ] ; then\n    # print error to STDERR\n    echo \"error: The sandbox is not in sync with the Podfile.lock. Run 'pod install' or update your CocoaPods installation.\" >&2\n    exit 1\nfi\n# This output is used by Xcode 'outputs' to avoid re-running this script phase.\necho \"SUCCESS\" > \"${SCRIPT_OUTPUT_FILE_0}\"\n";
			showEnvVarsInLog = 0;
		};
		CF4F18ADA46501E84FBDCFA1 /* [CP] Check Pods Manifest.lock */ = {
			isa = PBXShellScriptBuildPhase;
			buildActionMask = 2147483647;
			files = (
			);
			inputFileListPaths = (
			);
			inputPaths = (
				"${PODS_PODFILE_DIR_PATH}/Podfile.lock",
				"${PODS_ROOT}/Manifest.lock",
			);
			name = "[CP] Check Pods Manifest.lock";
			outputFileListPaths = (
			);
			outputPaths = (
				"$(DERIVED_FILE_DIR)/Pods-MeetUp-checkManifestLockResult.txt",
			);
			runOnlyForDeploymentPostprocessing = 0;
			shellPath = /bin/sh;
			shellScript = "diff \"${PODS_PODFILE_DIR_PATH}/Podfile.lock\" \"${PODS_ROOT}/Manifest.lock\" > /dev/null\nif [ $? != 0 ] ; then\n    # print error to STDERR\n    echo \"error: The sandbox is not in sync with the Podfile.lock. Run 'pod install' or update your CocoaPods installation.\" >&2\n    exit 1\nfi\n# This output is used by Xcode 'outputs' to avoid re-running this script phase.\necho \"SUCCESS\" > \"${SCRIPT_OUTPUT_FILE_0}\"\n";
			showEnvVarsInLog = 0;
		};
/* End PBXShellScriptBuildPhase section */

/* Begin PBXSourcesBuildPhase section */
		9142F971285FA20E0070661F /* Sources */ = {
			isa = PBXSourcesBuildPhase;
			buildActionMask = 2147483647;
			files = (
				9103CF2828C8E7CD00BBC349 /* WeeklyAvailabilityInputViewController.swift in Sources */,
				913C118B28A9787E00B5A66F /* ScaledIcon.swift in Sources */,
				91A76E5A28BC972400F93DE2 /* AvailabilityDetail.swift in Sources */,
				913C118F28AA024A00B5A66F /* ProfileButton.swift in Sources */,
				9103CF2C28C8EB5200BBC349 /* FullAvailabilityInput.swift in Sources */,
				9103E57C289B897600CA661B /* Day.swift in Sources */,
				9103E59028A028C600CA661B /* DateCell.swift in Sources */,
				9125EEA128A89E8E005C5ED3 /* AdaptsToKeyboard.swift in Sources */,
				9103CF3028C919BD00BBC349 /* DayHeaderView.swift in Sources */,
				913C118D28A9830600B5A66F /* BackButton.swift in Sources */,
				9100ED7D28DAF97200DA4F43 /* CreateMeetingCalendar.swift in Sources */,
				9142F998286022460070661F /* SchedulePreviewViewController.swift in Sources */,
				918C88CF28D3C8C40052850E /* CreateMeetingPreviewViewController.swift in Sources */,
				916D270C288319E4003C96BD /* CreateProfileViewController.swift in Sources */,
				91A76E5628B35BEB00F93DE2 /* FilterAvailabilitiesSwitch.swift in Sources */,
				913EF7982868E83700D5DB08 /* QueryItemRepresentable.swift in Sources */,
				9103E58A289F50BC00CA661B /* NewMeetingViewController.swift in Sources */,
				913C119528B0AAFA00B5A66F /* AppViewController.swift in Sources */,
				9103E5782896DA0400CA661B /* AvailabilityBar.swift in Sources */,
				9142F994285FFDD20070661F /* ScheduleSendable.swift in Sources */,
				9103E59728A84A9900CA661B /* ThemedButton.swift in Sources */,
				9103E587289F4F5900CA661B /* YourAvailabilityViewController.swift in Sources */,
				9100ED8528E01C9D00DA4F43 /* HourMinuteTime.swift in Sources */,
				9142F97E285FA20E0070661F /* MessagesViewController.swift in Sources */,
				9103E57A2897550500CA661B /* TimeBlock.swift in Sources */,
				91A76E5E28C1C96C00F93DE2 /* ProfileAvailabilityPreview.swift in Sources */,
				9142F996286002580070661F /* CollectiveSchedule.swift in Sources */,
				9103E59328A72C5A00CA661B /* AppColors.swift in Sources */,
				913C119928B1DFD100B5A66F /* DateHeaderView.swift in Sources */,
				9103CF3628C989EA00BBC349 /* AutofillButton.swift in Sources */,
				913EF79A28693DBB00D5DB08 /* Schedule.swift in Sources */,
				916D270E28836F3A003C96BD /* User.swift in Sources */,
				913C119328B07EDD00B5A66F /* StoredValues.swift in Sources */,
				9103E57E289B89B700CA661B /* TimeRange.swift in Sources */,
				9103CF3828D2F28800BBC349 /* ScheduleDate.swift in Sources */,
				916D2711288CA97C003C96BD /* GetAvailabilityLogic.swift in Sources */,
				913C119128AB366C00B5A66F /* CalendarDate.swift in Sources */,
				9103E58E289F99F100CA661B /* ViewControllerWithIdentifier.swift in Sources */,
				91A76E5228B31B1C00F93DE2 /* TimeIndicatorView.swift in Sources */,
			);
			runOnlyForDeploymentPostprocessing = 0;
		};
/* End PBXSourcesBuildPhase section */

/* Begin PBXTargetDependency section */
		9142F978285FA20E0070661F /* PBXTargetDependency */ = {
			isa = PBXTargetDependency;
			target = 9142F974285FA20E0070661F /* MeetUp MessagesExtension */;
			targetProxy = 9142F977285FA20E0070661F /* PBXContainerItemProxy */;
		};
/* End PBXTargetDependency section */

/* Begin PBXVariantGroup section */
		9142F97F285FA20E0070661F /* MainInterface.storyboard */ = {
			isa = PBXVariantGroup;
			children = (
				9142F980285FA20E0070661F /* Base */,
			);
			name = MainInterface.storyboard;
			sourceTree = "<group>";
		};
/* End PBXVariantGroup section */

/* Begin XCBuildConfiguration section */
		9142F985285FA20F0070661F /* Debug */ = {
			isa = XCBuildConfiguration;
			buildSettings = {
				ALWAYS_SEARCH_USER_PATHS = NO;
				CLANG_ANALYZER_NONNULL = YES;
				CLANG_ANALYZER_NUMBER_OBJECT_CONVERSION = YES_AGGRESSIVE;
				CLANG_CXX_LANGUAGE_STANDARD = "gnu++17";
				CLANG_CXX_LIBRARY = "libc++";
				CLANG_ENABLE_MODULES = YES;
				CLANG_ENABLE_OBJC_ARC = YES;
				CLANG_ENABLE_OBJC_WEAK = YES;
				CLANG_WARN_BLOCK_CAPTURE_AUTORELEASING = YES;
				CLANG_WARN_BOOL_CONVERSION = YES;
				CLANG_WARN_COMMA = YES;
				CLANG_WARN_CONSTANT_CONVERSION = YES;
				CLANG_WARN_DEPRECATED_OBJC_IMPLEMENTATIONS = YES;
				CLANG_WARN_DIRECT_OBJC_ISA_USAGE = YES_ERROR;
				CLANG_WARN_DOCUMENTATION_COMMENTS = YES;
				CLANG_WARN_EMPTY_BODY = YES;
				CLANG_WARN_ENUM_CONVERSION = YES;
				CLANG_WARN_INFINITE_RECURSION = YES;
				CLANG_WARN_INT_CONVERSION = YES;
				CLANG_WARN_NON_LITERAL_NULL_CONVERSION = YES;
				CLANG_WARN_OBJC_IMPLICIT_RETAIN_SELF = YES;
				CLANG_WARN_OBJC_LITERAL_CONVERSION = YES;
				CLANG_WARN_OBJC_ROOT_CLASS = YES_ERROR;
				CLANG_WARN_QUOTED_INCLUDE_IN_FRAMEWORK_HEADER = YES;
				CLANG_WARN_RANGE_LOOP_ANALYSIS = YES;
				CLANG_WARN_STRICT_PROTOTYPES = YES;
				CLANG_WARN_SUSPICIOUS_MOVE = YES;
				CLANG_WARN_UNGUARDED_AVAILABILITY = YES_AGGRESSIVE;
				CLANG_WARN_UNREACHABLE_CODE = YES;
				CLANG_WARN__DUPLICATE_METHOD_MATCH = YES;
				COPY_PHASE_STRIP = NO;
				DEBUG_INFORMATION_FORMAT = dwarf;
				ENABLE_STRICT_OBJC_MSGSEND = YES;
				ENABLE_TESTABILITY = YES;
				GCC_C_LANGUAGE_STANDARD = gnu11;
				GCC_DYNAMIC_NO_PIC = NO;
				GCC_NO_COMMON_BLOCKS = YES;
				GCC_OPTIMIZATION_LEVEL = 0;
				GCC_PREPROCESSOR_DEFINITIONS = (
					"DEBUG=1",
					"$(inherited)",
				);
				GCC_WARN_64_TO_32_BIT_CONVERSION = YES;
				GCC_WARN_ABOUT_RETURN_TYPE = YES_ERROR;
				GCC_WARN_UNDECLARED_SELECTOR = YES;
				GCC_WARN_UNINITIALIZED_AUTOS = YES_AGGRESSIVE;
				GCC_WARN_UNUSED_FUNCTION = YES;
				GCC_WARN_UNUSED_VARIABLE = YES;
				IPHONEOS_DEPLOYMENT_TARGET = 15.2;
				MTL_ENABLE_DEBUG_INFO = INCLUDE_SOURCE;
				MTL_FAST_MATH = YES;
				ONLY_ACTIVE_ARCH = YES;
				SDKROOT = iphoneos;
				SWIFT_ACTIVE_COMPILATION_CONDITIONS = DEBUG;
				SWIFT_OPTIMIZATION_LEVEL = "-Onone";
			};
			name = Debug;
		};
		9142F986285FA20F0070661F /* Release */ = {
			isa = XCBuildConfiguration;
			buildSettings = {
				ALWAYS_SEARCH_USER_PATHS = NO;
				CLANG_ANALYZER_NONNULL = YES;
				CLANG_ANALYZER_NUMBER_OBJECT_CONVERSION = YES_AGGRESSIVE;
				CLANG_CXX_LANGUAGE_STANDARD = "gnu++17";
				CLANG_CXX_LIBRARY = "libc++";
				CLANG_ENABLE_MODULES = YES;
				CLANG_ENABLE_OBJC_ARC = YES;
				CLANG_ENABLE_OBJC_WEAK = YES;
				CLANG_WARN_BLOCK_CAPTURE_AUTORELEASING = YES;
				CLANG_WARN_BOOL_CONVERSION = YES;
				CLANG_WARN_COMMA = YES;
				CLANG_WARN_CONSTANT_CONVERSION = YES;
				CLANG_WARN_DEPRECATED_OBJC_IMPLEMENTATIONS = YES;
				CLANG_WARN_DIRECT_OBJC_ISA_USAGE = YES_ERROR;
				CLANG_WARN_DOCUMENTATION_COMMENTS = YES;
				CLANG_WARN_EMPTY_BODY = YES;
				CLANG_WARN_ENUM_CONVERSION = YES;
				CLANG_WARN_INFINITE_RECURSION = YES;
				CLANG_WARN_INT_CONVERSION = YES;
				CLANG_WARN_NON_LITERAL_NULL_CONVERSION = YES;
				CLANG_WARN_OBJC_IMPLICIT_RETAIN_SELF = YES;
				CLANG_WARN_OBJC_LITERAL_CONVERSION = YES;
				CLANG_WARN_OBJC_ROOT_CLASS = YES_ERROR;
				CLANG_WARN_QUOTED_INCLUDE_IN_FRAMEWORK_HEADER = YES;
				CLANG_WARN_RANGE_LOOP_ANALYSIS = YES;
				CLANG_WARN_STRICT_PROTOTYPES = YES;
				CLANG_WARN_SUSPICIOUS_MOVE = YES;
				CLANG_WARN_UNGUARDED_AVAILABILITY = YES_AGGRESSIVE;
				CLANG_WARN_UNREACHABLE_CODE = YES;
				CLANG_WARN__DUPLICATE_METHOD_MATCH = YES;
				COPY_PHASE_STRIP = NO;
				DEBUG_INFORMATION_FORMAT = "dwarf-with-dsym";
				ENABLE_NS_ASSERTIONS = NO;
				ENABLE_STRICT_OBJC_MSGSEND = YES;
				GCC_C_LANGUAGE_STANDARD = gnu11;
				GCC_NO_COMMON_BLOCKS = YES;
				GCC_WARN_64_TO_32_BIT_CONVERSION = YES;
				GCC_WARN_ABOUT_RETURN_TYPE = YES_ERROR;
				GCC_WARN_UNDECLARED_SELECTOR = YES;
				GCC_WARN_UNINITIALIZED_AUTOS = YES_AGGRESSIVE;
				GCC_WARN_UNUSED_FUNCTION = YES;
				GCC_WARN_UNUSED_VARIABLE = YES;
				IPHONEOS_DEPLOYMENT_TARGET = 15.2;
				MTL_ENABLE_DEBUG_INFO = NO;
				MTL_FAST_MATH = YES;
				SDKROOT = iphoneos;
				SWIFT_COMPILATION_MODE = wholemodule;
				SWIFT_OPTIMIZATION_LEVEL = "-O";
				VALIDATE_PRODUCT = YES;
			};
			name = Release;
		};
		9142F988285FA20F0070661F /* Debug */ = {
			isa = XCBuildConfiguration;
			baseConfigurationReference = B9DE7B812DA84A9AE432A6BD /* Pods-MeetUp MessagesExtension.debug.xcconfig */;
			buildSettings = {
				ASSETCATALOG_COMPILER_APPICON_NAME = "iMessage App Icon";
				CODE_SIGN_ENTITLEMENTS = "MeetUp MessagesExtension/MeetUp MessagesExtension.entitlements";
				CODE_SIGN_STYLE = Automatic;
				CURRENT_PROJECT_VERSION = 1;
				DEVELOPMENT_TEAM = XSTA74W85B;
				GENERATE_INFOPLIST_FILE = YES;
				INFOPLIST_FILE = "MeetUp MessagesExtension/Info.plist";
				INFOPLIST_KEY_CFBundleDisplayName = MeetUp;
				INFOPLIST_KEY_NSHumanReadableCopyright = "";
				IPHONEOS_DEPLOYMENT_TARGET = 13.0;
				LD_RUNPATH_SEARCH_PATHS = (
					"$(inherited)",
					"@executable_path/Frameworks",
					"@executable_path/../../Frameworks",
				);
				MARKETING_VERSION = 1.0;
				PRODUCT_BUNDLE_IDENTIFIER = com.cnewton.MeetUp.MessagesExtension;
				PRODUCT_NAME = "$(TARGET_NAME)";
				SKIP_INSTALL = YES;
				SWIFT_EMIT_LOC_STRINGS = YES;
				SWIFT_VERSION = 5.0;
				TARGETED_DEVICE_FAMILY = 1;
			};
			name = Debug;
		};
		9142F989285FA20F0070661F /* Release */ = {
			isa = XCBuildConfiguration;
			baseConfigurationReference = 5F58E1F15807BCDD82783B75 /* Pods-MeetUp MessagesExtension.release.xcconfig */;
			buildSettings = {
				ASSETCATALOG_COMPILER_APPICON_NAME = "iMessage App Icon";
				CODE_SIGN_ENTITLEMENTS = "MeetUp MessagesExtension/MeetUp MessagesExtension.entitlements";
				CODE_SIGN_STYLE = Automatic;
				CURRENT_PROJECT_VERSION = 1;
				DEVELOPMENT_TEAM = XSTA74W85B;
				GENERATE_INFOPLIST_FILE = YES;
				INFOPLIST_FILE = "MeetUp MessagesExtension/Info.plist";
				INFOPLIST_KEY_CFBundleDisplayName = MeetUp;
				INFOPLIST_KEY_NSHumanReadableCopyright = "";
				IPHONEOS_DEPLOYMENT_TARGET = 13.0;
				LD_RUNPATH_SEARCH_PATHS = (
					"$(inherited)",
					"@executable_path/Frameworks",
					"@executable_path/../../Frameworks",
				);
				MARKETING_VERSION = 1.0;
				PRODUCT_BUNDLE_IDENTIFIER = com.cnewton.MeetUp.MessagesExtension;
				PRODUCT_NAME = "$(TARGET_NAME)";
				SKIP_INSTALL = YES;
				SWIFT_EMIT_LOC_STRINGS = YES;
				SWIFT_VERSION = 5.0;
				TARGETED_DEVICE_FAMILY = 1;
			};
			name = Release;
		};
		9142F98C285FA20F0070661F /* Debug */ = {
			isa = XCBuildConfiguration;
			baseConfigurationReference = CF78CF69EC5F985F2B84AE03 /* Pods-MeetUp.debug.xcconfig */;
			buildSettings = {
				ALWAYS_EMBED_SWIFT_STANDARD_LIBRARIES = YES;
				ASSETCATALOG_COMPILER_APPICON_NAME = AppIcon;
				CODE_SIGN_STYLE = Automatic;
				CURRENT_PROJECT_VERSION = 1;
				DEVELOPMENT_TEAM = XSTA74W85B;
				GENERATE_INFOPLIST_FILE = YES;
				INFOPLIST_KEY_UILaunchStoryboardName = LaunchScreen;
				INFOPLIST_KEY_UISupportedInterfaceOrientations_iPad = "UIInterfaceOrientationPortrait UIInterfaceOrientationPortraitUpsideDown UIInterfaceOrientationLandscapeLeft UIInterfaceOrientationLandscapeRight";
				INFOPLIST_KEY_UISupportedInterfaceOrientations_iPhone = "UIInterfaceOrientationPortrait UIInterfaceOrientationLandscapeLeft UIInterfaceOrientationLandscapeRight";
				MARKETING_VERSION = 1.0;
				PRODUCT_BUNDLE_IDENTIFIER = com.cnewton.MeetUp;
				PRODUCT_NAME = "$(TARGET_NAME)";
				SWIFT_EMIT_LOC_STRINGS = YES;
				SWIFT_VERSION = 5.0;
				TARGETED_DEVICE_FAMILY = "1,2";
			};
			name = Debug;
		};
		9142F98D285FA20F0070661F /* Release */ = {
			isa = XCBuildConfiguration;
			baseConfigurationReference = E0EDCCBABD6CE4CFF67E62FE /* Pods-MeetUp.release.xcconfig */;
			buildSettings = {
				ALWAYS_EMBED_SWIFT_STANDARD_LIBRARIES = YES;
				ASSETCATALOG_COMPILER_APPICON_NAME = AppIcon;
				CODE_SIGN_STYLE = Automatic;
				CURRENT_PROJECT_VERSION = 1;
				DEVELOPMENT_TEAM = XSTA74W85B;
				GENERATE_INFOPLIST_FILE = YES;
				INFOPLIST_KEY_UILaunchStoryboardName = LaunchScreen;
				INFOPLIST_KEY_UISupportedInterfaceOrientations_iPad = "UIInterfaceOrientationPortrait UIInterfaceOrientationPortraitUpsideDown UIInterfaceOrientationLandscapeLeft UIInterfaceOrientationLandscapeRight";
				INFOPLIST_KEY_UISupportedInterfaceOrientations_iPhone = "UIInterfaceOrientationPortrait UIInterfaceOrientationLandscapeLeft UIInterfaceOrientationLandscapeRight";
				MARKETING_VERSION = 1.0;
				PRODUCT_BUNDLE_IDENTIFIER = com.cnewton.MeetUp;
				PRODUCT_NAME = "$(TARGET_NAME)";
				SWIFT_EMIT_LOC_STRINGS = YES;
				SWIFT_VERSION = 5.0;
				TARGETED_DEVICE_FAMILY = "1,2";
			};
			name = Release;
		};
/* End XCBuildConfiguration section */

/* Begin XCConfigurationList section */
		9142F969285FA20A0070661F /* Build configuration list for PBXProject "MeetUp" */ = {
			isa = XCConfigurationList;
			buildConfigurations = (
				9142F985285FA20F0070661F /* Debug */,
				9142F986285FA20F0070661F /* Release */,
			);
			defaultConfigurationIsVisible = 0;
			defaultConfigurationName = Release;
		};
		9142F987285FA20F0070661F /* Build configuration list for PBXNativeTarget "MeetUp MessagesExtension" */ = {
			isa = XCConfigurationList;
			buildConfigurations = (
				9142F988285FA20F0070661F /* Debug */,
				9142F989285FA20F0070661F /* Release */,
			);
			defaultConfigurationIsVisible = 0;
			defaultConfigurationName = Release;
		};
		9142F98B285FA20F0070661F /* Build configuration list for PBXNativeTarget "MeetUp" */ = {
			isa = XCConfigurationList;
			buildConfigurations = (
				9142F98C285FA20F0070661F /* Debug */,
				9142F98D285FA20F0070661F /* Release */,
			);
			defaultConfigurationIsVisible = 0;
			defaultConfigurationName = Release;
		};
/* End XCConfigurationList section */
	};
	rootObject = 9142F966285FA20A0070661F /* Project object */;
}
