// !$*UTF8*$!
{
	archiveVersion = 1;
	classes = {
	};
	objectVersion = 55;
	objects = {

/* Begin PBXBuildFile section */
		913EF7982868E83700D5DB08 /* QueryItemRepresentable.swift in Sources */ = {isa = PBXBuildFile; fileRef = 913EF7972868E83700D5DB08 /* QueryItemRepresentable.swift */; };
		9142F970285FA20E0070661F /* Assets.xcassets in Resources */ = {isa = PBXBuildFile; fileRef = 9142F96F285FA20E0070661F /* Assets.xcassets */; };
		9142F976285FA20E0070661F /* MeetUp MessagesExtension.appex in Embed App Extensions */ = {isa = PBXBuildFile; fileRef = 9142F975285FA20E0070661F /* MeetUp MessagesExtension.appex */; settings = {ATTRIBUTES = (RemoveHeadersOnCopy, ); }; };
		9142F97B285FA20E0070661F /* Messages.framework in Frameworks */ = {isa = PBXBuildFile; fileRef = 9142F97A285FA20E0070661F /* Messages.framework */; };
		9142F97E285FA20E0070661F /* MessagesViewController.swift in Sources */ = {isa = PBXBuildFile; fileRef = 9142F97D285FA20E0070661F /* MessagesViewController.swift */; };
		9142F981285FA20E0070661F /* MainInterface.storyboard in Resources */ = {isa = PBXBuildFile; fileRef = 9142F97F285FA20E0070661F /* MainInterface.storyboard */; };
		9142F983285FA20F0070661F /* Assets.xcassets in Resources */ = {isa = PBXBuildFile; fileRef = 9142F982285FA20F0070661F /* Assets.xcassets */; };
		9142F994285FFDD20070661F /* Schedule.swift in Sources */ = {isa = PBXBuildFile; fileRef = 9142F993285FFDD20070661F /* Schedule.swift */; };
		9142F996286002580070661F /* CollectiveSchedule.swift in Sources */ = {isa = PBXBuildFile; fileRef = 9142F995286002580070661F /* CollectiveSchedule.swift */; };
		9142F998286022460070661F /* SchedulePreviewViewController.swift in Sources */ = {isa = PBXBuildFile; fileRef = 9142F997286022460070661F /* SchedulePreviewViewController.swift */; };
		9142F99A286024170070661F /* ScheduleInProgressViewController.swift in Sources */ = {isa = PBXBuildFile; fileRef = 9142F999286024170070661F /* ScheduleInProgressViewController.swift */; };
		9142F99C286024A00070661F /* ScheduleFinishedViewController.swift in Sources */ = {isa = PBXBuildFile; fileRef = 9142F99B286024A00070661F /* ScheduleFinishedViewController.swift */; };
/* End PBXBuildFile section */

/* Begin PBXContainerItemProxy section */
		9142F977285FA20E0070661F /* PBXContainerItemProxy */ = {
			isa = PBXContainerItemProxy;
			containerPortal = 9142F966285FA20A0070661F /* Project object */;
			proxyType = 1;
			remoteGlobalIDString = 9142F974285FA20E0070661F;
			remoteInfo = "MeetUp MessagesExtension";
		};
/* End PBXContainerItemProxy section */

/* Begin PBXCopyFilesBuildPhase section */
		9142F98A285FA20F0070661F /* Embed App Extensions */ = {
			isa = PBXCopyFilesBuildPhase;
			buildActionMask = 2147483647;
			dstPath = "";
			dstSubfolderSpec = 13;
			files = (
				9142F976285FA20E0070661F /* MeetUp MessagesExtension.appex in Embed App Extensions */,
			);
			name = "Embed App Extensions";
			runOnlyForDeploymentPostprocessing = 0;
		};
/* End PBXCopyFilesBuildPhase section */

/* Begin PBXFileReference section */
		913EF7972868E83700D5DB08 /* QueryItemRepresentable.swift */ = {isa = PBXFileReference; lastKnownFileType = sourcecode.swift; path = QueryItemRepresentable.swift; sourceTree = "<group>"; };
		9142F96C285FA20A0070661F /* MeetUp.app */ = {isa = PBXFileReference; explicitFileType = wrapper.application; includeInIndex = 0; path = MeetUp.app; sourceTree = BUILT_PRODUCTS_DIR; };
		9142F96F285FA20E0070661F /* Assets.xcassets */ = {isa = PBXFileReference; lastKnownFileType = folder.assetcatalog; path = Assets.xcassets; sourceTree = "<group>"; };
		9142F975285FA20E0070661F /* MeetUp MessagesExtension.appex */ = {isa = PBXFileReference; explicitFileType = "wrapper.app-extension"; includeInIndex = 0; path = "MeetUp MessagesExtension.appex"; sourceTree = BUILT_PRODUCTS_DIR; };
		9142F97A285FA20E0070661F /* Messages.framework */ = {isa = PBXFileReference; lastKnownFileType = wrapper.framework; name = Messages.framework; path = System/Library/Frameworks/Messages.framework; sourceTree = SDKROOT; };
		9142F97D285FA20E0070661F /* MessagesViewController.swift */ = {isa = PBXFileReference; lastKnownFileType = sourcecode.swift; path = MessagesViewController.swift; sourceTree = "<group>"; };
		9142F980285FA20E0070661F /* Base */ = {isa = PBXFileReference; lastKnownFileType = file.storyboard; name = Base; path = Base.lproj/MainInterface.storyboard; sourceTree = "<group>"; };
		9142F982285FA20F0070661F /* Assets.xcassets */ = {isa = PBXFileReference; lastKnownFileType = folder.assetcatalog; path = Assets.xcassets; sourceTree = "<group>"; };
		9142F984285FA20F0070661F /* Info.plist */ = {isa = PBXFileReference; lastKnownFileType = text.plist.xml; path = Info.plist; sourceTree = "<group>"; };
		9142F993285FFDD20070661F /* Schedule.swift */ = {isa = PBXFileReference; lastKnownFileType = sourcecode.swift; path = Schedule.swift; sourceTree = "<group>"; };
		9142F995286002580070661F /* CollectiveSchedule.swift */ = {isa = PBXFileReference; lastKnownFileType = sourcecode.swift; path = CollectiveSchedule.swift; sourceTree = "<group>"; };
		9142F997286022460070661F /* SchedulePreviewViewController.swift */ = {isa = PBXFileReference; lastKnownFileType = sourcecode.swift; path = SchedulePreviewViewController.swift; sourceTree = "<group>"; };
		9142F999286024170070661F /* ScheduleInProgressViewController.swift */ = {isa = PBXFileReference; lastKnownFileType = sourcecode.swift; path = ScheduleInProgressViewController.swift; sourceTree = "<group>"; };
		9142F99B286024A00070661F /* ScheduleFinishedViewController.swift */ = {isa = PBXFileReference; lastKnownFileType = sourcecode.swift; path = ScheduleFinishedViewController.swift; sourceTree = "<group>"; };
		91F40B6D286164C900B6912D /* MeetUp MessagesExtension.entitlements */ = {isa = PBXFileReference; lastKnownFileType = text.plist.entitlements; path = "MeetUp MessagesExtension.entitlements"; sourceTree = "<group>"; };
/* End PBXFileReference section */

/* Begin PBXFrameworksBuildPhase section */
		9142F972285FA20E0070661F /* Frameworks */ = {
			isa = PBXFrameworksBuildPhase;
			buildActionMask = 2147483647;
			files = (
				9142F97B285FA20E0070661F /* Messages.framework in Frameworks */,
			);
			runOnlyForDeploymentPostprocessing = 0;
		};
/* End PBXFrameworksBuildPhase section */

/* Begin PBXGroup section */
		9142F965285FA20A0070661F = {
			isa = PBXGroup;
			children = (
				9142F96E285FA20A0070661F /* MeetUp */,
				9142F97C285FA20E0070661F /* MeetUp MessagesExtension */,
				9142F979285FA20E0070661F /* Frameworks */,
				9142F96D285FA20A0070661F /* Products */,
			);
			sourceTree = "<group>";
		};
		9142F96D285FA20A0070661F /* Products */ = {
			isa = PBXGroup;
			children = (
				9142F96C285FA20A0070661F /* MeetUp.app */,
				9142F975285FA20E0070661F /* MeetUp MessagesExtension.appex */,
			);
			name = Products;
			sourceTree = "<group>";
		};
		9142F96E285FA20A0070661F /* MeetUp */ = {
			isa = PBXGroup;
			children = (
				9142F96F285FA20E0070661F /* Assets.xcassets */,
			);
			path = MeetUp;
			sourceTree = "<group>";
		};
		9142F979285FA20E0070661F /* Frameworks */ = {
			isa = PBXGroup;
			children = (
				9142F97A285FA20E0070661F /* Messages.framework */,
			);
			name = Frameworks;
			sourceTree = "<group>";
		};
		9142F97C285FA20E0070661F /* MeetUp MessagesExtension */ = {
			isa = PBXGroup;
			children = (
				91F40B6D286164C900B6912D /* MeetUp MessagesExtension.entitlements */,
				9142F992285FFDAE0070661F /* Model */,
				9142F97D285FA20E0070661F /* MessagesViewController.swift */,
				9142F997286022460070661F /* SchedulePreviewViewController.swift */,
				9142F999286024170070661F /* ScheduleInProgressViewController.swift */,
				9142F99B286024A00070661F /* ScheduleFinishedViewController.swift */,
				9142F97F285FA20E0070661F /* MainInterface.storyboard */,
				9142F982285FA20F0070661F /* Assets.xcassets */,
				9142F984285FA20F0070661F /* Info.plist */,
			);
			path = "MeetUp MessagesExtension";
			sourceTree = "<group>";
		};
		9142F992285FFDAE0070661F /* Model */ = {
			isa = PBXGroup;
			children = (
				9142F993285FFDD20070661F /* Schedule.swift */,
				9142F995286002580070661F /* CollectiveSchedule.swift */,
				913EF7972868E83700D5DB08 /* QueryItemRepresentable.swift */,
			);
			path = Model;
			sourceTree = "<group>";
		};
/* End PBXGroup section */

/* Begin PBXNativeTarget section */
		9142F96B285FA20A0070661F /* MeetUp */ = {
			isa = PBXNativeTarget;
			buildConfigurationList = 9142F98B285FA20F0070661F /* Build configuration list for PBXNativeTarget "MeetUp" */;
			buildPhases = (
				9142F96A285FA20A0070661F /* Resources */,
				9142F98A285FA20F0070661F /* Embed App Extensions */,
			);
			buildRules = (
			);
			dependencies = (
				9142F978285FA20E0070661F /* PBXTargetDependency */,
			);
			name = MeetUp;
			productName = MeetUp;
			productReference = 9142F96C285FA20A0070661F /* MeetUp.app */;
			productType = "com.apple.product-type.application.messages";
		};
		9142F974285FA20E0070661F /* MeetUp MessagesExtension */ = {
			isa = PBXNativeTarget;
			buildConfigurationList = 9142F987285FA20F0070661F /* Build configuration list for PBXNativeTarget "MeetUp MessagesExtension" */;
			buildPhases = (
				9142F971285FA20E0070661F /* Sources */,
				9142F972285FA20E0070661F /* Frameworks */,
				9142F973285FA20E0070661F /* Resources */,
			);
			buildRules = (
			);
			dependencies = (
			);
			name = "MeetUp MessagesExtension";
			productName = "MeetUp MessagesExtension";
			productReference = 9142F975285FA20E0070661F /* MeetUp MessagesExtension.appex */;
			productType = "com.apple.product-type.app-extension.messages";
		};
/* End PBXNativeTarget section */

/* Begin PBXProject section */
		9142F966285FA20A0070661F /* Project object */ = {
			isa = PBXProject;
			attributes = {
				BuildIndependentTargetsInParallel = 1;
				LastSwiftUpdateCheck = 1320;
				LastUpgradeCheck = 1320;
				TargetAttributes = {
					9142F96B285FA20A0070661F = {
						CreatedOnToolsVersion = 13.2.1;
					};
					9142F974285FA20E0070661F = {
						CreatedOnToolsVersion = 13.2.1;
					};
				};
			};
			buildConfigurationList = 9142F969285FA20A0070661F /* Build configuration list for PBXProject "MeetUp" */;
			compatibilityVersion = "Xcode 13.0";
			developmentRegion = en;
			hasScannedForEncodings = 0;
			knownRegions = (
				en,
				Base,
			);
			mainGroup = 9142F965285FA20A0070661F;
			productRefGroup = 9142F96D285FA20A0070661F /* Products */;
			projectDirPath = "";
			projectRoot = "";
			targets = (
				9142F96B285FA20A0070661F /* MeetUp */,
				9142F974285FA20E0070661F /* MeetUp MessagesExtension */,
			);
		};
/* End PBXProject section */

/* Begin PBXResourcesBuildPhase section */
		9142F96A285FA20A0070661F /* Resources */ = {
			isa = PBXResourcesBuildPhase;
			buildActionMask = 2147483647;
			files = (
				9142F970285FA20E0070661F /* Assets.xcassets in Resources */,
			);
			runOnlyForDeploymentPostprocessing = 0;
		};
		9142F973285FA20E0070661F /* Resources */ = {
			isa = PBXResourcesBuildPhase;
			buildActionMask = 2147483647;
			files = (
				9142F983285FA20F0070661F /* Assets.xcassets in Resources */,
				9142F981285FA20E0070661F /* MainInterface.storyboard in Resources */,
			);
			runOnlyForDeploymentPostprocessing = 0;
		};
/* End PBXResourcesBuildPhase section */

/* Begin PBXSourcesBuildPhase section */
		9142F971285FA20E0070661F /* Sources */ = {
			isa = PBXSourcesBuildPhase;
			buildActionMask = 2147483647;
			files = (
				9142F998286022460070661F /* SchedulePreviewViewController.swift in Sources */,
				913EF7982868E83700D5DB08 /* QueryItemRepresentable.swift in Sources */,
				9142F99C286024A00070661F /* ScheduleFinishedViewController.swift in Sources */,
				9142F994285FFDD20070661F /* Schedule.swift in Sources */,
				9142F97E285FA20E0070661F /* MessagesViewController.swift in Sources */,
				9142F996286002580070661F /* CollectiveSchedule.swift in Sources */,
				9142F99A286024170070661F /* ScheduleInProgressViewController.swift in Sources */,
			);
			runOnlyForDeploymentPostprocessing = 0;
		};
/* End PBXSourcesBuildPhase section */

/* Begin PBXTargetDependency section */
		9142F978285FA20E0070661F /* PBXTargetDependency */ = {
			isa = PBXTargetDependency;
			target = 9142F974285FA20E0070661F /* MeetUp MessagesExtension */;
			targetProxy = 9142F977285FA20E0070661F /* PBXContainerItemProxy */;
		};
/* End PBXTargetDependency section */

/* Begin PBXVariantGroup section */
		9142F97F285FA20E0070661F /* MainInterface.storyboard */ = {
			isa = PBXVariantGroup;
			children = (
				9142F980285FA20E0070661F /* Base */,
			);
			name = MainInterface.storyboard;
			sourceTree = "<group>";
		};
/* End PBXVariantGroup section */

/* Begin XCBuildConfiguration section */
		9142F985285FA20F0070661F /* Debug */ = {
			isa = XCBuildConfiguration;
			buildSettings = {
				ALWAYS_SEARCH_USER_PATHS = NO;
				CLANG_ANALYZER_NONNULL = YES;
				CLANG_ANALYZER_NUMBER_OBJECT_CONVERSION = YES_AGGRESSIVE;
				CLANG_CXX_LANGUAGE_STANDARD = "gnu++17";
				CLANG_CXX_LIBRARY = "libc++";
				CLANG_ENABLE_MODULES = YES;
				CLANG_ENABLE_OBJC_ARC = YES;
				CLANG_ENABLE_OBJC_WEAK = YES;
				CLANG_WARN_BLOCK_CAPTURE_AUTORELEASING = YES;
				CLANG_WARN_BOOL_CONVERSION = YES;
				CLANG_WARN_COMMA = YES;
				CLANG_WARN_CONSTANT_CONVERSION = YES;
				CLANG_WARN_DEPRECATED_OBJC_IMPLEMENTATIONS = YES;
				CLANG_WARN_DIRECT_OBJC_ISA_USAGE = YES_ERROR;
				CLANG_WARN_DOCUMENTATION_COMMENTS = YES;
				CLANG_WARN_EMPTY_BODY = YES;
				CLANG_WARN_ENUM_CONVERSION = YES;
				CLANG_WARN_INFINITE_RECURSION = YES;
				CLANG_WARN_INT_CONVERSION = YES;
				CLANG_WARN_NON_LITERAL_NULL_CONVERSION = YES;
				CLANG_WARN_OBJC_IMPLICIT_RETAIN_SELF = YES;
				CLANG_WARN_OBJC_LITERAL_CONVERSION = YES;
				CLANG_WARN_OBJC_ROOT_CLASS = YES_ERROR;
				CLANG_WARN_QUOTED_INCLUDE_IN_FRAMEWORK_HEADER = YES;
				CLANG_WARN_RANGE_LOOP_ANALYSIS = YES;
				CLANG_WARN_STRICT_PROTOTYPES = YES;
				CLANG_WARN_SUSPICIOUS_MOVE = YES;
				CLANG_WARN_UNGUARDED_AVAILABILITY = YES_AGGRESSIVE;
				CLANG_WARN_UNREACHABLE_CODE = YES;
				CLANG_WARN__DUPLICATE_METHOD_MATCH = YES;
				COPY_PHASE_STRIP = NO;
				DEBUG_INFORMATION_FORMAT = dwarf;
				ENABLE_STRICT_OBJC_MSGSEND = YES;
				ENABLE_TESTABILITY = YES;
				GCC_C_LANGUAGE_STANDARD = gnu11;
				GCC_DYNAMIC_NO_PIC = NO;
				GCC_NO_COMMON_BLOCKS = YES;
				GCC_OPTIMIZATION_LEVEL = 0;
				GCC_PREPROCESSOR_DEFINITIONS = (
					"DEBUG=1",
					"$(inherited)",
				);
				GCC_WARN_64_TO_32_BIT_CONVERSION = YES;
				GCC_WARN_ABOUT_RETURN_TYPE = YES_ERROR;
				GCC_WARN_UNDECLARED_SELECTOR = YES;
				GCC_WARN_UNINITIALIZED_AUTOS = YES_AGGRESSIVE;
				GCC_WARN_UNUSED_FUNCTION = YES;
				GCC_WARN_UNUSED_VARIABLE = YES;
				IPHONEOS_DEPLOYMENT_TARGET = 15.2;
				MTL_ENABLE_DEBUG_INFO = INCLUDE_SOURCE;
				MTL_FAST_MATH = YES;
				ONLY_ACTIVE_ARCH = YES;
				SDKROOT = iphoneos;
				SWIFT_ACTIVE_COMPILATION_CONDITIONS = DEBUG;
				SWIFT_OPTIMIZATION_LEVEL = "-Onone";
			};
			name = Debug;
		};
		9142F986285FA20F0070661F /* Release */ = {
			isa = XCBuildConfiguration;
			buildSettings = {
				ALWAYS_SEARCH_USER_PATHS = NO;
				CLANG_ANALYZER_NONNULL = YES;
				CLANG_ANALYZER_NUMBER_OBJECT_CONVERSION = YES_AGGRESSIVE;
				CLANG_CXX_LANGUAGE_STANDARD = "gnu++17";
				CLANG_CXX_LIBRARY = "libc++";
				CLANG_ENABLE_MODULES = YES;
				CLANG_ENABLE_OBJC_ARC = YES;
				CLANG_ENABLE_OBJC_WEAK = YES;
				CLANG_WARN_BLOCK_CAPTURE_AUTORELEASING = YES;
				CLANG_WARN_BOOL_CONVERSION = YES;
				CLANG_WARN_COMMA = YES;
				CLANG_WARN_CONSTANT_CONVERSION = YES;
				CLANG_WARN_DEPRECATED_OBJC_IMPLEMENTATIONS = YES;
				CLANG_WARN_DIRECT_OBJC_ISA_USAGE = YES_ERROR;
				CLANG_WARN_DOCUMENTATION_COMMENTS = YES;
				CLANG_WARN_EMPTY_BODY = YES;
				CLANG_WARN_ENUM_CONVERSION = YES;
				CLANG_WARN_INFINITE_RECURSION = YES;
				CLANG_WARN_INT_CONVERSION = YES;
				CLANG_WARN_NON_LITERAL_NULL_CONVERSION = YES;
				CLANG_WARN_OBJC_IMPLICIT_RETAIN_SELF = YES;
				CLANG_WARN_OBJC_LITERAL_CONVERSION = YES;
				CLANG_WARN_OBJC_ROOT_CLASS = YES_ERROR;
				CLANG_WARN_QUOTED_INCLUDE_IN_FRAMEWORK_HEADER = YES;
				CLANG_WARN_RANGE_LOOP_ANALYSIS = YES;
				CLANG_WARN_STRICT_PROTOTYPES = YES;
				CLANG_WARN_SUSPICIOUS_MOVE = YES;
				CLANG_WARN_UNGUARDED_AVAILABILITY = YES_AGGRESSIVE;
				CLANG_WARN_UNREACHABLE_CODE = YES;
				CLANG_WARN__DUPLICATE_METHOD_MATCH = YES;
				COPY_PHASE_STRIP = NO;
				DEBUG_INFORMATION_FORMAT = "dwarf-with-dsym";
				ENABLE_NS_ASSERTIONS = NO;
				ENABLE_STRICT_OBJC_MSGSEND = YES;
				GCC_C_LANGUAGE_STANDARD = gnu11;
				GCC_NO_COMMON_BLOCKS = YES;
				GCC_WARN_64_TO_32_BIT_CONVERSION = YES;
				GCC_WARN_ABOUT_RETURN_TYPE = YES_ERROR;
				GCC_WARN_UNDECLARED_SELECTOR = YES;
				GCC_WARN_UNINITIALIZED_AUTOS = YES_AGGRESSIVE;
				GCC_WARN_UNUSED_FUNCTION = YES;
				GCC_WARN_UNUSED_VARIABLE = YES;
				IPHONEOS_DEPLOYMENT_TARGET = 15.2;
				MTL_ENABLE_DEBUG_INFO = NO;
				MTL_FAST_MATH = YES;
				SDKROOT = iphoneos;
				SWIFT_COMPILATION_MODE = wholemodule;
				SWIFT_OPTIMIZATION_LEVEL = "-O";
				VALIDATE_PRODUCT = YES;
			};
			name = Release;
		};
		9142F988285FA20F0070661F /* Debug */ = {
			isa = XCBuildConfiguration;
			buildSettings = {
				ASSETCATALOG_COMPILER_APPICON_NAME = "iMessage App Icon";
				CODE_SIGN_ENTITLEMENTS = "MeetUp MessagesExtension/MeetUp MessagesExtension.entitlements";
				CODE_SIGN_STYLE = Automatic;
				CURRENT_PROJECT_VERSION = 1;
				DEVELOPMENT_TEAM = XSTA74W85B;
				GENERATE_INFOPLIST_FILE = YES;
				INFOPLIST_FILE = "MeetUp MessagesExtension/Info.plist";
				INFOPLIST_KEY_CFBundleDisplayName = MeetUp;
				INFOPLIST_KEY_NSHumanReadableCopyright = "";
				IPHONEOS_DEPLOYMENT_TARGET = 12.0;
				LD_RUNPATH_SEARCH_PATHS = (
					"$(inherited)",
					"@executable_path/Frameworks",
					"@executable_path/../../Frameworks",
				);
				MARKETING_VERSION = 1.0;
				PRODUCT_BUNDLE_IDENTIFIER = com.cnewton.MeetUp.MessagesExtension;
				PRODUCT_NAME = "$(TARGET_NAME)";
				SKIP_INSTALL = YES;
				SWIFT_EMIT_LOC_STRINGS = YES;
				SWIFT_VERSION = 5.0;
				TARGETED_DEVICE_FAMILY = "1,2";
			};
			name = Debug;
		};
		9142F989285FA20F0070661F /* Release */ = {
			isa = XCBuildConfiguration;
			buildSettings = {
				ASSETCATALOG_COMPILER_APPICON_NAME = "iMessage App Icon";
				CODE_SIGN_ENTITLEMENTS = "MeetUp MessagesExtension/MeetUp MessagesExtension.entitlements";
				CODE_SIGN_STYLE = Automatic;
				CURRENT_PROJECT_VERSION = 1;
				DEVELOPMENT_TEAM = XSTA74W85B;
				GENERATE_INFOPLIST_FILE = YES;
				INFOPLIST_FILE = "MeetUp MessagesExtension/Info.plist";
				INFOPLIST_KEY_CFBundleDisplayName = MeetUp;
				INFOPLIST_KEY_NSHumanReadableCopyright = "";
				IPHONEOS_DEPLOYMENT_TARGET = 12.0;
				LD_RUNPATH_SEARCH_PATHS = (
					"$(inherited)",
					"@executable_path/Frameworks",
					"@executable_path/../../Frameworks",
				);
				MARKETING_VERSION = 1.0;
				PRODUCT_BUNDLE_IDENTIFIER = com.cnewton.MeetUp.MessagesExtension;
				PRODUCT_NAME = "$(TARGET_NAME)";
				SKIP_INSTALL = YES;
				SWIFT_EMIT_LOC_STRINGS = YES;
				SWIFT_VERSION = 5.0;
				TARGETED_DEVICE_FAMILY = "1,2";
			};
			name = Release;
		};
		9142F98C285FA20F0070661F /* Debug */ = {
			isa = XCBuildConfiguration;
			buildSettings = {
				ALWAYS_EMBED_SWIFT_STANDARD_LIBRARIES = YES;
				ASSETCATALOG_COMPILER_APPICON_NAME = AppIcon;
				CODE_SIGN_STYLE = Automatic;
				CURRENT_PROJECT_VERSION = 1;
				DEVELOPMENT_TEAM = XSTA74W85B;
				GENERATE_INFOPLIST_FILE = YES;
				INFOPLIST_KEY_UILaunchStoryboardName = LaunchScreen;
				INFOPLIST_KEY_UISupportedInterfaceOrientations_iPad = "UIInterfaceOrientationPortrait UIInterfaceOrientationPortraitUpsideDown UIInterfaceOrientationLandscapeLeft UIInterfaceOrientationLandscapeRight";
				INFOPLIST_KEY_UISupportedInterfaceOrientations_iPhone = "UIInterfaceOrientationPortrait UIInterfaceOrientationLandscapeLeft UIInterfaceOrientationLandscapeRight";
				MARKETING_VERSION = 1.0;
				PRODUCT_BUNDLE_IDENTIFIER = com.cnewton.MeetUp;
				PRODUCT_NAME = "$(TARGET_NAME)";
				SWIFT_EMIT_LOC_STRINGS = YES;
				SWIFT_VERSION = 5.0;
				TARGETED_DEVICE_FAMILY = "1,2";
			};
			name = Debug;
		};
		9142F98D285FA20F0070661F /* Release */ = {
			isa = XCBuildConfiguration;
			buildSettings = {
				ALWAYS_EMBED_SWIFT_STANDARD_LIBRARIES = YES;
				ASSETCATALOG_COMPILER_APPICON_NAME = AppIcon;
				CODE_SIGN_STYLE = Automatic;
				CURRENT_PROJECT_VERSION = 1;
				DEVELOPMENT_TEAM = XSTA74W85B;
				GENERATE_INFOPLIST_FILE = YES;
				INFOPLIST_KEY_UILaunchStoryboardName = LaunchScreen;
				INFOPLIST_KEY_UISupportedInterfaceOrientations_iPad = "UIInterfaceOrientationPortrait UIInterfaceOrientationPortraitUpsideDown UIInterfaceOrientationLandscapeLeft UIInterfaceOrientationLandscapeRight";
				INFOPLIST_KEY_UISupportedInterfaceOrientations_iPhone = "UIInterfaceOrientationPortrait UIInterfaceOrientationLandscapeLeft UIInterfaceOrientationLandscapeRight";
				MARKETING_VERSION = 1.0;
				PRODUCT_BUNDLE_IDENTIFIER = com.cnewton.MeetUp;
				PRODUCT_NAME = "$(TARGET_NAME)";
				SWIFT_EMIT_LOC_STRINGS = YES;
				SWIFT_VERSION = 5.0;
				TARGETED_DEVICE_FAMILY = "1,2";
			};
			name = Release;
		};
/* End XCBuildConfiguration section */

/* Begin XCConfigurationList section */
		9142F969285FA20A0070661F /* Build configuration list for PBXProject "MeetUp" */ = {
			isa = XCConfigurationList;
			buildConfigurations = (
				9142F985285FA20F0070661F /* Debug */,
				9142F986285FA20F0070661F /* Release */,
			);
			defaultConfigurationIsVisible = 0;
			defaultConfigurationName = Release;
		};
		9142F987285FA20F0070661F /* Build configuration list for PBXNativeTarget "MeetUp MessagesExtension" */ = {
			isa = XCConfigurationList;
			buildConfigurations = (
				9142F988285FA20F0070661F /* Debug */,
				9142F989285FA20F0070661F /* Release */,
			);
			defaultConfigurationIsVisible = 0;
			defaultConfigurationName = Release;
		};
		9142F98B285FA20F0070661F /* Build configuration list for PBXNativeTarget "MeetUp" */ = {
			isa = XCConfigurationList;
			buildConfigurations = (
				9142F98C285FA20F0070661F /* Debug */,
				9142F98D285FA20F0070661F /* Release */,
			);
			defaultConfigurationIsVisible = 0;
			defaultConfigurationName = Release;
		};
/* End XCConfigurationList section */
	};
	rootObject = 9142F966285FA20A0070661F /* Project object */;
}
